// !$*UTF8*$!
{
	archiveVersion = 1;
	classes = {
	};
	objectVersion = 46;
	objects = {

/* Begin PBXBuildFile section */
		3B2947071A5849FE0040000C /* AppDelegate.swift in Sources */ = {isa = PBXBuildFile; fileRef = 3B2947061A5849FE0040000C /* AppDelegate.swift */; };
		3B2947091A5849FE0040000C /* ViewController.swift in Sources */ = {isa = PBXBuildFile; fileRef = 3B2947081A5849FE0040000C /* ViewController.swift */; };
		3B29470C1A5849FE0040000C /* Main.storyboard in Resources */ = {isa = PBXBuildFile; fileRef = 3B29470A1A5849FE0040000C /* Main.storyboard */; };
		3B29470E1A5849FE0040000C /* Images.xcassets in Resources */ = {isa = PBXBuildFile; fileRef = 3B29470D1A5849FE0040000C /* Images.xcassets */; };
		3B2947111A5849FE0040000C /* LaunchScreen.xib in Resources */ = {isa = PBXBuildFile; fileRef = 3B29470F1A5849FE0040000C /* LaunchScreen.xib */; };
		3B29471D1A5849FE0040000C /* Swift_LabelAndImageViewTests.swift in Sources */ = {isa = PBXBuildFile; fileRef = 3B29471C1A5849FE0040000C /* Swift_LabelAndImageViewTests.swift */; };
/* End PBXBuildFile section */

/* Begin PBXContainerItemProxy section */
		3B2947171A5849FE0040000C /* PBXContainerItemProxy */ = {
			isa = PBXContainerItemProxy;
			containerPortal = 3B2946F91A5849FE0040000C /* Project object */;
			proxyType = 1;
			remoteGlobalIDString = 3B2947001A5849FE0040000C;
			remoteInfo = Swift_LabelAndImageView;
		};
/* End PBXContainerItemProxy section */

/* Begin PBXFileReference section */
		3B2947011A5849FE0040000C /* Swift_LabelAndImageView.app */ = {isa = PBXFileReference; explicitFileType = wrapper.application; includeInIndex = 0; path = Swift_LabelAndImageView.app; sourceTree = BUILT_PRODUCTS_DIR; };
		3B2947051A5849FE0040000C /* Info.plist */ = {isa = PBXFileReference; lastKnownFileType = text.plist.xml; path = Info.plist; sourceTree = "<group>"; };
		3B2947061A5849FE0040000C /* AppDelegate.swift */ = {isa = PBXFileReference; lastKnownFileType = sourcecode.swift; path = AppDelegate.swift; sourceTree = "<group>"; };
		3B2947081A5849FE0040000C /* ViewController.swift */ = {isa = PBXFileReference; lastKnownFileType = sourcecode.swift; path = ViewController.swift; sourceTree = "<group>"; };
		3B29470B1A5849FE0040000C /* Base */ = {isa = PBXFileReference; lastKnownFileType = file.storyboard; name = Base; path = Base.lproj/Main.storyboard; sourceTree = "<group>"; };
		3B29470D1A5849FE0040000C /* Images.xcassets */ = {isa = PBXFileReference; lastKnownFileType = folder.assetcatalog; path = Images.xcassets; sourceTree = "<group>"; };
		3B2947101A5849FE0040000C /* Base */ = {isa = PBXFileReference; lastKnownFileType = file.xib; name = Base; path = Base.lproj/LaunchScreen.xib; sourceTree = "<group>"; };
		3B2947161A5849FE0040000C /* Swift_LabelAndImageViewTests.xctest */ = {isa = PBXFileReference; explicitFileType = wrapper.cfbundle; includeInIndex = 0; path = Swift_LabelAndImageViewTests.xctest; sourceTree = BUILT_PRODUCTS_DIR; };
		3B29471B1A5849FE0040000C /* Info.plist */ = {isa = PBXFileReference; lastKnownFileType = text.plist.xml; path = Info.plist; sourceTree = "<group>"; };
		3B29471C1A5849FE0040000C /* Swift_LabelAndImageViewTests.swift */ = {isa = PBXFileReference; lastKnownFileType = sourcecode.swift; path = Swift_LabelAndImageViewTests.swift; sourceTree = "<group>"; };
/* End PBXFileReference section */

/* Begin PBXFrameworksBuildPhase section */
		3B2946FE1A5849FE0040000C /* Frameworks */ = {
			isa = PBXFrameworksBuildPhase;
			buildActionMask = 2147483647;
			files = (
			);
			runOnlyForDeploymentPostprocessing = 0;
		};
		3B2947131A5849FE0040000C /* Frameworks */ = {
			isa = PBXFrameworksBuildPhase;
			buildActionMask = 2147483647;
			files = (
			);
			runOnlyForDeploymentPostprocessing = 0;
		};
/* End PBXFrameworksBuildPhase section */

/* Begin PBXGroup section */
		3B2946F81A5849FE0040000C = {
			isa = PBXGroup;
			children = (
				3B2947031A5849FE0040000C /* Swift_LabelAndImageView */,
				3B2947191A5849FE0040000C /* Swift_LabelAndImageViewTests */,
				3B2947021A5849FE0040000C /* Products */,
			);
			sourceTree = "<group>";
		};
		3B2947021A5849FE0040000C /* Products */ = {
			isa = PBXGroup;
			children = (
				3B2947011A5849FE0040000C /* Swift_LabelAndImageView.app */,
				3B2947161A5849FE0040000C /* Swift_LabelAndImageViewTests.xctest */,
			);
			name = Products;
			sourceTree = "<group>";
		};
		3B2947031A5849FE0040000C /* Swift_LabelAndImageView */ = {
			isa = PBXGroup;
			children = (
				3B2947061A5849FE0040000C /* AppDelegate.swift */,
				3B2947081A5849FE0040000C /* ViewController.swift */,
				3B29470A1A5849FE0040000C /* Main.storyboard */,
				3B29470D1A5849FE0040000C /* Images.xcassets */,
				3B29470F1A5849FE0040000C /* LaunchScreen.xib */,
				3B2947041A5849FE0040000C /* Supporting Files */,
			);
			path = Swift_LabelAndImageView;
			sourceTree = "<group>";
		};
		3B2947041A5849FE0040000C /* Supporting Files */ = {
			isa = PBXGroup;
			children = (
				3B2947051A5849FE0040000C /* Info.plist */,
			);
			name = "Supporting Files";
			sourceTree = "<group>";
		};
		3B2947191A5849FE0040000C /* Swift_LabelAndImageViewTests */ = {
			isa = PBXGroup;
			children = (
				3B29471C1A5849FE0040000C /* Swift_LabelAndImageViewTests.swift */,
				3B29471A1A5849FE0040000C /* Supporting Files */,
			);
			path = Swift_LabelAndImageViewTests;
			sourceTree = "<group>";
		};
		3B29471A1A5849FE0040000C /* Supporting Files */ = {
			isa = PBXGroup;
			children = (
				3B29471B1A5849FE0040000C /* Info.plist */,
			);
			name = "Supporting Files";
			sourceTree = "<group>";
		};
/* End PBXGroup section */

/* Begin PBXNativeTarget section */
		3B2947001A5849FE0040000C /* Swift_LabelAndImageView */ = {
			isa = PBXNativeTarget;
			buildConfigurationList = 3B2947201A5849FE0040000C /* Build configuration list for PBXNativeTarget "Swift_LabelAndImageView" */;
			buildPhases = (
				3B2946FD1A5849FE0040000C /* Sources */,
				3B2946FE1A5849FE0040000C /* Frameworks */,
				3B2946FF1A5849FE0040000C /* Resources */,
			);
			buildRules = (
			);
			dependencies = (
			);
			name = Swift_LabelAndImageView;
			productName = Swift_LabelAndImageView;
			productReference = 3B2947011A5849FE0040000C /* Swift_LabelAndImageView.app */;
			productType = "com.apple.product-type.application";
		};
		3B2947151A5849FE0040000C /* Swift_LabelAndImageViewTests */ = {
			isa = PBXNativeTarget;
			buildConfigurationList = 3B2947231A5849FE0040000C /* Build configuration list for PBXNativeTarget "Swift_LabelAndImageViewTests" */;
			buildPhases = (
				3B2947121A5849FE0040000C /* Sources */,
				3B2947131A5849FE0040000C /* Frameworks */,
				3B2947141A5849FE0040000C /* Resources */,
			);
			buildRules = (
			);
			dependencies = (
				3B2947181A5849FE0040000C /* PBXTargetDependency */,
			);
			name = Swift_LabelAndImageViewTests;
			productName = Swift_LabelAndImageViewTests;
			productReference = 3B2947161A5849FE0040000C /* Swift_LabelAndImageViewTests.xctest */;
			productType = "com.apple.product-type.bundle.unit-test";
		};
/* End PBXNativeTarget section */

/* Begin PBXProject section */
		3B2946F91A5849FE0040000C /* Project object */ = {
			isa = PBXProject;
			attributes = {
				LastUpgradeCheck = 0610;
				ORGANIZATIONNAME = "Junji Yamamoto";
				TargetAttributes = {
					3B2947001A5849FE0040000C = {
						CreatedOnToolsVersion = 6.1;
					};
					3B2947151A5849FE0040000C = {
						CreatedOnToolsVersion = 6.1;
						TestTargetID = 3B2947001A5849FE0040000C;
					};
				};
			};
			buildConfigurationList = 3B2946FC1A5849FE0040000C /* Build configuration list for PBXProject "Swift_LabelAndImageView" */;
			compatibilityVersion = "Xcode 3.2";
			developmentRegion = English;
			hasScannedForEncodings = 0;
			knownRegions = (
				en,
				Base,
			);
			mainGroup = 3B2946F81A5849FE0040000C;
			productRefGroup = 3B2947021A5849FE0040000C /* Products */;
			projectDirPath = "";
			projectRoot = "";
			targets = (
				3B2947001A5849FE0040000C /* Swift_LabelAndImageView */,
				3B2947151A5849FE0040000C /* Swift_LabelAndImageViewTests */,
			);
		};
/* End PBXProject section */

/* Begin PBXResourcesBuildPhase section */
		3B2946FF1A5849FE0040000C /* Resources */ = {
			isa = PBXResourcesBuildPhase;
			buildActionMask = 2147483647;
			files = (
				3B29470C1A5849FE0040000C /* Main.storyboard in Resources */,
				3B2947111A5849FE0040000C /* LaunchScreen.xib in Resources */,
				3B29470E1A5849FE0040000C /* Images.xcassets in Resources */,
			);
			runOnlyForDeploymentPostprocessing = 0;
		};
		3B2947141A5849FE0040000C /* Resources */ = {
			isa = PBXResourcesBuildPhase;
			buildActionMask = 2147483647;
			files = (
			);
			runOnlyForDeploymentPostprocessing = 0;
		};
/* End PBXResourcesBuildPhase section */

/* Begin PBXSourcesBuildPhase section */
		3B2946FD1A5849FE0040000C /* Sources */ = {
			isa = PBXSourcesBuildPhase;
			buildActionMask = 2147483647;
			files = (
				3B2947091A5849FE0040000C /* ViewController.swift in Sources */,
				3B2947071A5849FE0040000C /* AppDelegate.swift in Sources */,
			);
			runOnlyForDeploymentPostprocessing = 0;
		};
		3B2947121A5849FE0040000C /* Sources */ = {
			isa = PBXSourcesBuildPhase;
			buildActionMask = 2147483647;
			files = (
				3B29471D1A5849FE0040000C /* Swift_LabelAndImageViewTests.swift in Sources */,
			);
			runOnlyForDeploymentPostprocessing = 0;
		};
/* End PBXSourcesBuildPhase section */

/* Begin PBXTargetDependency section */
		3B2947181A5849FE0040000C /* PBXTargetDependency */ = {
			isa = PBXTargetDependency;
			target = 3B2947001A5849FE0040000C /* Swift_LabelAndImageView */;
			targetProxy = 3B2947171A5849FE0040000C /* PBXContainerItemProxy */;
		};
/* End PBXTargetDependency section */

/* Begin PBXVariantGroup section */
		3B29470A1A5849FE0040000C /* Main.storyboard */ = {
			isa = PBXVariantGroup;
			children = (
				3B29470B1A5849FE0040000C /* Base */,
			);
			name = Main.storyboard;
			sourceTree = "<group>";
		};
		3B29470F1A5849FE0040000C /* LaunchScreen.xib */ = {
			isa = PBXVariantGroup;
			children = (
				3B2947101A5849FE0040000C /* Base */,
			);
			name = LaunchScreen.xib;
			sourceTree = "<group>";
		};
/* End PBXVariantGroup section */

/* Begin XCBuildConfiguration section */
		3B29471E1A5849FE0040000C /* Debug */ = {
			isa = XCBuildConfiguration;
			buildSettings = {
				ALWAYS_SEARCH_USER_PATHS = NO;
				CLANG_CXX_LANGUAGE_STANDARD = "gnu++0x";
				CLANG_CXX_LIBRARY = "libc++";
				CLANG_ENABLE_MODULES = YES;
				CLANG_ENABLE_OBJC_ARC = YES;
				CLANG_WARN_BOOL_CONVERSION = YES;
				CLANG_WARN_CONSTANT_CONVERSION = YES;
				CLANG_WARN_DIRECT_OBJC_ISA_USAGE = YES_ERROR;
				CLANG_WARN_EMPTY_BODY = YES;
				CLANG_WARN_ENUM_CONVERSION = YES;
				CLANG_WARN_INT_CONVERSION = YES;
				CLANG_WARN_OBJC_ROOT_CLASS = YES_ERROR;
				CLANG_WARN_UNREACHABLE_CODE = YES;
				CLANG_WARN__DUPLICATE_METHOD_MATCH = YES;
				"CODE_SIGN_IDENTITY[sdk=iphoneos*]" = "iPhone Developer";
				COPY_PHASE_STRIP = NO;
				ENABLE_STRICT_OBJC_MSGSEND = YES;
				GCC_C_LANGUAGE_STANDARD = gnu99;
				GCC_DYNAMIC_NO_PIC = NO;
				GCC_OPTIMIZATION_LEVEL = 0;
				GCC_PREPROCESSOR_DEFINITIONS = (
					"DEBUG=1",
					"$(inherited)",
				);
				GCC_SYMBOLS_PRIVATE_EXTERN = NO;
				GCC_WARN_64_TO_32_BIT_CONVERSION = YES;
				GCC_WARN_ABOUT_RETURN_TYPE = YES_ERROR;
				GCC_WARN_UNDECLARED_SELECTOR = YES;
				GCC_WARN_UNINITIALIZED_AUTOS = YES_AGGRESSIVE;
				GCC_WARN_UNUSED_FUNCTION = YES;
				GCC_WARN_UNUSED_VARIABLE = YES;
				IPHONEOS_DEPLOYMENT_TARGET = 8.1;
				MTL_ENABLE_DEBUG_INFO = YES;
				ONLY_ACTIVE_ARCH = YES;
				SDKROOT = iphoneos;
				SWIFT_OPTIMIZATION_LEVEL = "-Onone";
			};
			name = Debug;
		};
		3B29471F1A5849FE0040000C /* Release */ = {
			isa = XCBuildConfiguration;
			buildSettings = {
				ALWAYS_SEARCH_USER_PATHS = NO;
				CLANG_CXX_LANGUAGE_STANDARD = "gnu++0x";
				CLANG_CXX_LIBRARY = "libc++";
				CLANG_ENABLE_MODULES = YES;
				CLANG_ENABLE_OBJC_ARC = YES;
				CLANG_WARN_BOOL_CONVERSION = YES;
				CLANG_WARN_CONSTANT_CONVERSION = YES;
				CLANG_WARN_DIRECT_OBJC_ISA_USAGE = YES_ERROR;
				CLANG_WARN_EMPTY_BODY = YES;
				CLANG_WARN_ENUM_CONVERSION = YES;
				CLANG_WARN_INT_CONVERSION = YES;
				CLANG_WARN_OBJC_ROOT_CLASS = YES_ERROR;
				CLANG_WARN_UNREACHABLE_CODE = YES;
				CLANG_WARN__DUPLICATE_METHOD_MATCH = YES;
				"CODE_SIGN_IDENTITY[sdk=iphoneos*]" = "iPhone Developer";
				COPY_PHASE_STRIP = YES;
				ENABLE_NS_ASSERTIONS = NO;
				ENABLE_STRICT_OBJC_MSGSEND = YES;
				GCC_C_LANGUAGE_STANDARD = gnu99;
				GCC_WARN_64_TO_32_BIT_CONVERSION = YES;
				GCC_WARN_ABOUT_RETURN_TYPE = YES_ERROR;
				GCC_WARN_UNDECLARED_SELECTOR = YES;
				GCC_WARN_UNINITIALIZED_AUTOS = YES_AGGRESSIVE;
				GCC_WARN_UNUSED_FUNCTION = YES;
				GCC_WARN_UNUSED_VARIABLE = YES;
				IPHONEOS_DEPLOYMENT_TARGET = 8.1;
				MTL_ENABLE_DEBUG_INFO = NO;
				SDKROOT = iphoneos;
				VALIDATE_PRODUCT = YES;
			};
			name = Release;
		};
		3B2947211A5849FE0040000C /* Debug */ = {
			isa = XCBuildConfiguration;
			buildSettings = {
				ASSETCATALOG_COMPILER_APPICON_NAME = AppIcon;
				INFOPLIST_FILE = Swift_LabelAndImageView/Info.plist;
				LD_RUNPATH_SEARCH_PATHS = "$(inherited) @executable_path/Frameworks";
				PRODUCT_NAME = "$(TARGET_NAME)";
			};
			name = Debug;
		};
		3B2947221A5849FE0040000C /* Release */ = {
			isa = XCBuildConfiguration;
			buildSettings = {
				ASSETCATALOG_COMPILER_APPICON_NAME = AppIcon;
				INFOPLIST_FILE = Swift_LabelAndImageView/Info.plist;
				LD_RUNPATH_SEARCH_PATHS = "$(inherited) @executable_path/Frameworks";
				PRODUCT_NAME = "$(TARGET_NAME)";
			};
			name = Release;
		};
		3B2947241A5849FE0040000C /* Debug */ = {
			isa = XCBuildConfiguration;
			buildSettings = {
				BUNDLE_LOADER = "$(TEST_HOST)";
				FRAMEWORK_SEARCH_PATHS = (
					"$(SDKROOT)/Developer/Library/Frameworks",
					"$(inherited)",
				);
				GCC_PREPROCESSOR_DEFINITIONS = (
					"DEBUG=1",
					"$(inherited)",
				);
				INFOPLIST_FILE = Swift_LabelAndImageViewTests/Info.plist;
				LD_RUNPATH_SEARCH_PATHS = "$(inherited) @executable_path/Frameworks @loader_path/Frameworks";
				PRODUCT_NAME = "$(TARGET_NAME)";
				TEST_HOST = "$(BUILT_PRODUCTS_DIR)/Swift_LabelAndImageView.app/Swift_LabelAndImageView";
			};
			name = Debug;
		};
		3B2947251A5849FE0040000C /* Release */ = {
			isa = XCBuildConfiguration;
			buildSettings = {
				BUNDLE_LOADER = "$(TEST_HOST)";
				FRAMEWORK_SEARCH_PATHS = (
					"$(SDKROOT)/Developer/Library/Frameworks",
					"$(inherited)",
				);
				INFOPLIST_FILE = Swift_LabelAndImageViewTests/Info.plist;
				LD_RUNPATH_SEARCH_PATHS = "$(inherited) @executable_path/Frameworks @loader_path/Frameworks";
				PRODUCT_NAME = "$(TARGET_NAME)";
				TEST_HOST = "$(BUILT_PRODUCTS_DIR)/Swift_LabelAndImageView.app/Swift_LabelAndImageView";
			};
			name = Release;
		};
/* End XCBuildConfiguration section */

/* Begin XCConfigurationList section */
		3B2946FC1A5849FE0040000C /* Build configuration list for PBXProject "Swift_LabelAndImageView" */ = {
			isa = XCConfigurationList;
			buildConfigurations = (
				3B29471E1A5849FE0040000C /* Debug */,
				3B29471F1A5849FE0040000C /* Release */,
			);
			defaultConfigurationIsVisible = 0;
			defaultConfigurationName = Release;
		};
		3B2947201A5849FE0040000C /* Build configuration list for PBXNativeTarget "Swift_LabelAndImageView" */ = {
			isa = XCConfigurationList;
			buildConfigurations = (
				3B2947211A5849FE0040000C /* Debug */,
				3B2947221A5849FE0040000C /* Release */,
			);
			defaultConfigurationIsVisible = 0;
		};
		3B2947231A5849FE0040000C /* Build configuration list for PBXNativeTarget "Swift_LabelAndImageViewTests" */ = {
			isa = XCConfigurationList;
			buildConfigurations = (
				3B2947241A5849FE0040000C /* Debug */,
				3B2947251A5849FE0040000C /* Release */,
			);
			defaultConfigurationIsVisible = 0;
		};
/* End XCConfigurationList section */
	};
	rootObject = 3B2946F91A5849FE0040000C /* Project object */;
}
